<?xml version="1.0" encoding="utf-8"?>
<Project ToolsVersion="4.0" xmlns="http://schemas.microsoft.com/developer/msbuild/2003">
  <ItemGroup>
    <Filter Include="Source Files">
      <UniqueIdentifier>{4FC737F1-C7A5-4376-A066-2A32D752A2FF}</UniqueIdentifier>
      <Extensions>cpp;c;cc;cxx;def;odl;idl;hpj;bat;asm;asmx</Extensions>
    </Filter>
    <Filter Include="Header Files">
      <UniqueIdentifier>{93995380-89BD-4b04-88EB-625FBE52EBFB}</UniqueIdentifier>
      <Extensions>h;hh;hpp;hxx;hm;inl;inc;ipp;xsd</Extensions>
    </Filter>
    <Filter Include="Resource Files">
      <UniqueIdentifier>{67DA6AB6-F800-4c08-8B7A-83BB121AAD01}</UniqueIdentifier>
      <Extensions>rc;ico;cur;bmp;dlg;rc2;rct;bin;rgs;gif;jpg;jpeg;jpe;resx;tiff;tif;png;wav;mfcribbon-ms</Extensions>
    </Filter>
    <Filter Include="Memory">
      <UniqueIdentifier>{e3501d50-b3fd-4cf2-9f89-ef4133a41869}</UniqueIdentifier>
    </Filter>
    <Filter Include="Memory\Headers">
      <UniqueIdentifier>{fd244582-0f82-46c6-aba3-23612211364d}</UniqueIdentifier>
    </Filter>
    <Filter Include="InstructionTypes">
      <UniqueIdentifier>{1d3e6202-6539-44ad-8f9b-50d414d38874}</UniqueIdentifier>
    </Filter>
    <Filter Include="InstructionTypes\Headers">
      <UniqueIdentifier>{e018dbe7-547e-4527-8f4b-22306bde3dfb}</UniqueIdentifier>
    </Filter>
    <Filter Include="InstructionTypes\Implementation">
      <UniqueIdentifier>{753302e2-d6a8-4441-97dd-d812ddf4eb67}</UniqueIdentifier>
    </Filter>
    <Filter Include="Memory\Implementation">
      <UniqueIdentifier>{c891f76b-0976-45c4-bf20-787189eec96b}</UniqueIdentifier>
    </Filter>
    <Filter Include="OperandTypes">
      <UniqueIdentifier>{00e80908-f6fe-4d51-a8a6-1960e72b535d}</UniqueIdentifier>
    </Filter>
    <Filter Include="OperandTypes\Headers">
      <UniqueIdentifier>{6ed7f3f3-7dea-46d9-aae9-fb5934e8611a}</UniqueIdentifier>
    </Filter>
    <Filter Include="OperandTypes\Implementation">
      <UniqueIdentifier>{d2bd31fc-b29f-47fb-a8ff-83064cfb3568}</UniqueIdentifier>
    </Filter>
  </ItemGroup>
  <ItemGroup>
    <ClCompile Include="SIM-Microprocessor.cpp">
      <Filter>Source Files</Filter>
    </ClCompile>
    <ClCompile Include="InstructionsParser.cpp">
      <Filter>Source Files</Filter>
    </ClCompile>
    <ClCompile Include="SIM.cpp">
      <Filter>Source Files</Filter>
    </ClCompile>
    <ClCompile Include="Memory\DataMemory.cpp">
      <Filter>Memory\Implementation</Filter>
    </ClCompile>
    <ClCompile Include="Memory\InstructionMemory.cpp">
      <Filter>Memory\Implementation</Filter>
    </ClCompile>
    <ClCompile Include="Memory\Memory.cpp">
      <Filter>Memory\Implementation</Filter>
    </ClCompile>
    <ClCompile Include="InstructionTypes\AddInstruction.cpp">
      <Filter>InstructionTypes\Implementation</Filter>
    </ClCompile>
    <ClCompile Include="InstructionTypes\AssignmentInstruction.cpp">
      <Filter>InstructionTypes\Implementation</Filter>
    </ClCompile>
    <ClCompile Include="InstructionTypes\HaltInstruction.cpp">
      <Filter>InstructionTypes\Implementation</Filter>
    </ClCompile>
    <ClCompile Include="InstructionTypes\Instruction.cpp">
      <Filter>InstructionTypes\Implementation</Filter>
    </ClCompile>
    <ClCompile Include="InstructionTypes\JMP0Instruction.cpp">
      <Filter>InstructionTypes\Implementation</Filter>
    </ClCompile>
    <ClCompile Include="InstructionTypes\JMPInstruction.cpp">
      <Filter>InstructionTypes\Implementation</Filter>
    </ClCompile>
    <ClCompile Include="InstructionTypes\LessThanInstruction.cpp">
      <Filter>InstructionTypes\Implementation</Filter>
    </ClCompile>
    <ClCompile Include="InstructionTypes\MultiplyInstruction.cpp">
      <Filter>InstructionTypes\Implementation</Filter>
    </ClCompile>
    <ClCompile Include="InstructionTypes\NegativeInstruction.cpp">
      <Filter>InstructionTypes\Implementation</Filter>
    </ClCompile>
    <ClCompile Include="InstructionTypes\OneOperandInstruction.cpp">
      <Filter>InstructionTypes\Implementation</Filter>
    </ClCompile>
    <ClCompile Include="InstructionTypes\READInstruction.cpp">
      <Filter>InstructionTypes\Implementation</Filter>
    </ClCompile>
    <ClCompile Include="InstructionTypes\ThreeOperandInstruction.cpp">
      <Filter>InstructionTypes\Implementation</Filter>
    </ClCompile>
    <ClCompile Include="InstructionTypes\TwoOperandInstruction.cpp">
      <Filter>InstructionTypes\Implementation</Filter>
    </ClCompile>
    <ClCompile Include="InstructionTypes\WriteInstruction.cpp">
      <Filter>InstructionTypes\Implementation</Filter>
    </ClCompile>
    <ClCompile Include="OperandTypes\AddressOperand.cpp">
      <Filter>OperandTypes\Implementation</Filter>
    </ClCompile>
    <ClCompile Include="OperandTypes\IntOperand.cpp">
      <Filter>OperandTypes\Implementation</Filter>
    </ClCompile>
    <ClCompile Include="OperandTypes\Operand.cpp">
      <Filter>OperandTypes\Implementation</Filter>
    </ClCompile>
    <ClCompile Include="OperandTypes\OperandsHeader.h">
      <Filter>OperandTypes\Headers</Filter>
    </ClCompile>
  </ItemGroup>
  <ItemGroup>
    <ClInclude Include="InstructionsParser.h">
      <Filter>Header Files</Filter>
    </ClInclude>
    <ClInclude Include="SIM.h">
      <Filter>Header Files</Filter>
    </ClInclude>
    <ClInclude Include="Memory\DataMemory.h">
      <Filter>Memory\Headers</Filter>
    </ClInclude>
    <ClInclude Include="Memory\InstructionMemory.h">
      <Filter>Memory\Headers</Filter>
    </ClInclude>
    <ClInclude Include="Memory\Memory.h">
      <Filter>Memory\Headers</Filter>
    </ClInclude>
    <ClInclude Include="InstructionTypes\AddInstruction.h">
      <Filter>InstructionTypes\Headers</Filter>
    </ClInclude>
    <ClInclude Include="InstructionTypes\AssignmentInstruction.h">
      <Filter>InstructionTypes\Headers</Filter>
    </ClInclude>
    <ClInclude Include="InstructionTypes\HaltInstruction.h">
      <Filter>InstructionTypes\Headers</Filter>
    </ClInclude>
    <ClInclude Include="InstructionTypes\Instruction.h">
      <Filter>InstructionTypes\Headers</Filter>
    </ClInclude>
    <ClInclude Include="InstructionTypes\InstructionsHeader.h">
      <Filter>InstructionTypes\Headers</Filter>
    </ClInclude>
    <ClInclude Include="InstructionTypes\JMP0Instruction.h">
      <Filter>InstructionTypes\Headers</Filter>
    </ClInclude>
    <ClInclude Include="InstructionTypes\JMPInstruction.h">
      <Filter>InstructionTypes\Headers</Filter>
    </ClInclude>
    <ClInclude Include="InstructionTypes\LessThanInstruction.h">
      <Filter>InstructionTypes\Headers</Filter>
    </ClInclude>
    <ClInclude Include="InstructionTypes\MultiplyInstruction.h">
      <Filter>InstructionTypes\Headers</Filter>
    </ClInclude>
    <ClInclude Include="InstructionTypes\NegativeInstruction.h">
      <Filter>InstructionTypes\Headers</Filter>
    </ClInclude>
    <ClInclude Include="InstructionTypes\OneOperandInstruction.h">
      <Filter>InstructionTypes\Headers</Filter>
    </ClInclude>
    <ClInclude Include="InstructionTypes\READInstruction.h">
      <Filter>InstructionTypes\Headers</Filter>
    </ClInclude>
    <ClInclude Include="InstructionTypes\ThreeOperandInstruction.h">
      <Filter>InstructionTypes\Headers</Filter>
    </ClInclude>
    <ClInclude Include="InstructionTypes\TwoOperandInstruction.h">
      <Filter>InstructionTypes\Headers</Filter>
    </ClInclude>
    <ClInclude Include="InstructionTypes\WriteInstruction.h">
      <Filter>InstructionTypes\Headers</Filter>
    </ClInclude>
    <ClInclude Include="OperandTypes\AddressOperand.h">
      <Filter>OperandTypes\Headers</Filter>
    </ClInclude>
    <ClInclude Include="OperandTypes\IntOperand.h">
      <Filter>OperandTypes\Headers</Filter>
    </ClInclude>
    <ClInclude Include="OperandTypes\Operand.h">
      <Filter>OperandTypes\Headers</Filter>
    </ClInclude>
    <ClInclude Include="Memory\MemoriesHeader.h">
      <Filter>Memory\Headers</Filter>
    </ClInclude>
  </ItemGroup>
</Project>